// !$*UTF8*$!
{
	archiveVersion = 1;
	classes = {
	};
	objectVersion = 46;
	objects = {

/* Begin PBXBuildFile section */
		E43AE8761C3C31B2001600A1 /* main.m in Sources */ = {isa = PBXBuildFile; fileRef = E43AE8751C3C31B2001600A1 /* main.m */; };
		E43AE8791C3C31B2001600A1 /* AppDelegate.m in Sources */ = {isa = PBXBuildFile; fileRef = E43AE8781C3C31B2001600A1 /* AppDelegate.m */; };
		E43AE87C1C3C31B2001600A1 /* ViewController.m in Sources */ = {isa = PBXBuildFile; fileRef = E43AE87B1C3C31B2001600A1 /* ViewController.m */; };
		E43AE87F1C3C31B2001600A1 /* Main.storyboard in Resources */ = {isa = PBXBuildFile; fileRef = E43AE87D1C3C31B2001600A1 /* Main.storyboard */; };
		E43AE8811C3C31B2001600A1 /* Images.xcassets in Resources */ = {isa = PBXBuildFile; fileRef = E43AE8801C3C31B2001600A1 /* Images.xcassets */; };
		E43AE88D1C3C31B2001600A1 /* ddTests.m in Sources */ = {isa = PBXBuildFile; fileRef = E43AE88C1C3C31B2001600A1 /* ddTests.m */; };
/* End PBXBuildFile section */

/* Begin PBXContainerItemProxy section */
		E43AE8871C3C31B2001600A1 /* PBXContainerItemProxy */ = {
			isa = PBXContainerItemProxy;
			containerPortal = E43AE8681C3C31B2001600A1 /* Project object */;
			proxyType = 1;
			remoteGlobalIDString = E43AE86F1C3C31B2001600A1;
			remoteInfo = dd;
		};
/* End PBXContainerItemProxy section */

/* Begin PBXFileReference section */
		E43AE8701C3C31B2001600A1 /* dd.app */ = {isa = PBXFileReference; explicitFileType = wrapper.application; includeInIndex = 0; path = dd.app; sourceTree = BUILT_PRODUCTS_DIR; };
		E43AE8741C3C31B2001600A1 /* Info.plist */ = {isa = PBXFileReference; lastKnownFileType = text.plist.xml; path = Info.plist; sourceTree = "<group>"; };
		E43AE8751C3C31B2001600A1 /* main.m */ = {isa = PBXFileReference; lastKnownFileType = sourcecode.c.objc; path = main.m; sourceTree = "<group>"; };
		E43AE8771C3C31B2001600A1 /* AppDelegate.h */ = {isa = PBXFileReference; lastKnownFileType = sourcecode.c.h; path = AppDelegate.h; sourceTree = "<group>"; };
		E43AE8781C3C31B2001600A1 /* AppDelegate.m */ = {isa = PBXFileReference; lastKnownFileType = sourcecode.c.objc; path = AppDelegate.m; sourceTree = "<group>"; };
		E43AE87A1C3C31B2001600A1 /* ViewController.h */ = {isa = PBXFileReference; lastKnownFileType = sourcecode.c.h; path = ViewController.h; sourceTree = "<group>"; };
		E43AE87B1C3C31B2001600A1 /* ViewController.m */ = {isa = PBXFileReference; lastKnownFileType = sourcecode.c.objc; path = ViewController.m; sourceTree = "<group>"; };
		E43AE87E1C3C31B2001600A1 /* Base */ = {isa = PBXFileReference; lastKnownFileType = file.storyboard; name = Base; path = Base.lproj/Main.storyboard; sourceTree = "<group>"; };
		E43AE8801C3C31B2001600A1 /* Images.xcassets */ = {isa = PBXFileReference; lastKnownFileType = folder.assetcatalog; path = Images.xcassets; sourceTree = "<group>"; };
		E43AE8861C3C31B2001600A1 /* ddTests.xctest */ = {isa = PBXFileReference; explicitFileType = wrapper.cfbundle; includeInIndex = 0; path = ddTests.xctest; sourceTree = BUILT_PRODUCTS_DIR; };
		E43AE88B1C3C31B2001600A1 /* Info.plist */ = {isa = PBXFileReference; lastKnownFileType = text.plist.xml; path = Info.plist; sourceTree = "<group>"; };
		E43AE88C1C3C31B2001600A1 /* ddTests.m */ = {isa = PBXFileReference; lastKnownFileType = sourcecode.c.objc; path = ddTests.m; sourceTree = "<group>"; };
/* End PBXFileReference section */

/* Begin PBXFrameworksBuildPhase section */
		E43AE86D1C3C31B2001600A1 /* Frameworks */ = {
			isa = PBXFrameworksBuildPhase;
			buildActionMask = 2147483647;
			files = (
			);
			runOnlyForDeploymentPostprocessing = 0;
		};
		E43AE8831C3C31B2001600A1 /* Frameworks */ = {
			isa = PBXFrameworksBuildPhase;
			buildActionMask = 2147483647;
			files = (
			);
			runOnlyForDeploymentPostprocessing = 0;
		};
/* End PBXFrameworksBuildPhase section */

/* Begin PBXGroup section */
		E43AE8671C3C31B2001600A1 = {
			isa = PBXGroup;
			children = (
				E43AE8721C3C31B2001600A1 /* dd */,
				E43AE8891C3C31B2001600A1 /* ddTests */,
				E43AE8711C3C31B2001600A1 /* Products */,
			);
			sourceTree = "<group>";
		};
		E43AE8711C3C31B2001600A1 /* Products */ = {
			isa = PBXGroup;
			children = (
				E43AE8701C3C31B2001600A1 /* dd.app */,
				E43AE8861C3C31B2001600A1 /* ddTests.xctest */,
			);
			name = Products;
			sourceTree = "<group>";
		};
		E43AE8721C3C31B2001600A1 /* dd */ = {
			isa = PBXGroup;
			children = (
				E43AE8771C3C31B2001600A1 /* AppDelegate.h */,
				E43AE8781C3C31B2001600A1 /* AppDelegate.m */,
				E43AE87A1C3C31B2001600A1 /* ViewController.h */,
				E43AE87B1C3C31B2001600A1 /* ViewController.m */,
				E43AE87D1C3C31B2001600A1 /* Main.storyboard */,
				E43AE8801C3C31B2001600A1 /* Images.xcassets */,
				E43AE8731C3C31B2001600A1 /* Supporting Files */,
			);
			path = dd;
			sourceTree = "<group>";
		};
		E43AE8731C3C31B2001600A1 /* Supporting Files */ = {
			isa = PBXGroup;
			children = (
				E43AE8741C3C31B2001600A1 /* Info.plist */,
				E43AE8751C3C31B2001600A1 /* main.m */,
			);
			name = "Supporting Files";
			sourceTree = "<group>";
		};
		E43AE8891C3C31B2001600A1 /* ddTests */ = {
			isa = PBXGroup;
			children = (
				E43AE88C1C3C31B2001600A1 /* ddTests.m */,
				E43AE88A1C3C31B2001600A1 /* Supporting Files */,
			);
			path = ddTests;
			sourceTree = "<group>";
		};
		E43AE88A1C3C31B2001600A1 /* Supporting Files */ = {
			isa = PBXGroup;
			children = (
				E43AE88B1C3C31B2001600A1 /* Info.plist */,
			);
			name = "Supporting Files";
			sourceTree = "<group>";
		};
/* End PBXGroup section */

/* Begin PBXNativeTarget section */
		E43AE86F1C3C31B2001600A1 /* dd */ = {
			isa = PBXNativeTarget;
			buildConfigurationList = E43AE8901C3C31B2001600A1 /* Build configuration list for PBXNativeTarget "dd" */;
			buildPhases = (
				E43AE86C1C3C31B2001600A1 /* Sources */,
				E43AE86D1C3C31B2001600A1 /* Frameworks */,
				E43AE86E1C3C31B2001600A1 /* Resources */,
			);
			buildRules = (
			);
			dependencies = (
			);
			name = dd;
			productName = dd;
			productReference = E43AE8701C3C31B2001600A1 /* dd.app */;
			productType = "com.apple.product-type.application";
		};
		E43AE8851C3C31B2001600A1 /* ddTests */ = {
			isa = PBXNativeTarget;
			buildConfigurationList = E43AE8931C3C31B2001600A1 /* Build configuration list for PBXNativeTarget "ddTests" */;
			buildPhases = (
				E43AE8821C3C31B2001600A1 /* Sources */,
				E43AE8831C3C31B2001600A1 /* Frameworks */,
				E43AE8841C3C31B2001600A1 /* Resources */,
			);
			buildRules = (
			);
			dependencies = (
				E43AE8881C3C31B2001600A1 /* PBXTargetDependency */,
			);
			name = ddTests;
			productName = ddTests;
			productReference = E43AE8861C3C31B2001600A1 /* ddTests.xctest */;
			productType = "com.apple.product-type.bundle.unit-test";
		};
/* End PBXNativeTarget section */

/* Begin PBXProject section */
		E43AE8681C3C31B2001600A1 /* Project object */ = {
			isa = PBXProject;
			attributes = {
				LastUpgradeCheck = 0600;
				ORGANIZATIONNAME = yons;
				TargetAttributes = {
					E43AE86F1C3C31B2001600A1 = {
						CreatedOnToolsVersion = 6.0;
					};
					E43AE8851C3C31B2001600A1 = {
						CreatedOnToolsVersion = 6.0;
						TestTargetID = E43AE86F1C3C31B2001600A1;
					};
				};
			};
			buildConfigurationList = E43AE86B1C3C31B2001600A1 /* Build configuration list for PBXProject "dd" */;
			compatibilityVersion = "Xcode 3.2";
			developmentRegion = English;
			hasScannedForEncodings = 0;
			knownRegions = (
				en,
				Base,
			);
			mainGroup = E43AE8671C3C31B2001600A1;
			productRefGroup = E43AE8711C3C31B2001600A1 /* Products */;
			projectDirPath = "";
			projectRoot = "";
			targets = (
				E43AE86F1C3C31B2001600A1 /* dd */,
				E43AE8851C3C31B2001600A1 /* ddTests */,
			);
		};
/* End PBXProject section */

/* Begin PBXResourcesBuildPhase section */
		E43AE86E1C3C31B2001600A1 /* Resources */ = {
			isa = PBXResourcesBuildPhase;
			buildActionMask = 2147483647;
			files = (
				E43AE87F1C3C31B2001600A1 /* Main.storyboard in Resources */,
				E43AE8811C3C31B2001600A1 /* Images.xcassets in Resources */,
			);
			runOnlyForDeploymentPostprocessing = 0;
		};
		E43AE8841C3C31B2001600A1 /* Resources */ = {
			isa = PBXResourcesBuildPhase;
			buildActionMask = 2147483647;
			files = (
			);
			runOnlyForDeploymentPostprocessing = 0;
		};
/* End PBXResourcesBuildPhase section */

/* Begin PBXSourcesBuildPhase section */
		E43AE86C1C3C31B2001600A1 /* Sources */ = {
			isa = PBXSourcesBuildPhase;
			buildActionMask = 2147483647;
			files = (
				E43AE87C1C3C31B2001600A1 /* ViewController.m in Sources */,
				E43AE8791C3C31B2001600A1 /* AppDelegate.m in Sources */,
				E43AE8761C3C31B2001600A1 /* main.m in Sources */,
			);
			runOnlyForDeploymentPostprocessing = 0;
		};
		E43AE8821C3C31B2001600A1 /* Sources */ = {
			isa = PBXSourcesBuildPhase;
			buildActionMask = 2147483647;
			files = (
				E43AE88D1C3C31B2001600A1 /* ddTests.m in Sources */,
			);
			runOnlyForDeploymentPostprocessing = 0;
		};
/* End PBXSourcesBuildPhase section */

/* Begin PBXTargetDependency section */
		E43AE8881C3C31B2001600A1 /* PBXTargetDependency */ = {
			isa = PBXTargetDependency;
			target = E43AE86F1C3C31B2001600A1 /* dd */;
			targetProxy = E43AE8871C3C31B2001600A1 /* PBXContainerItemProxy */;
		};
/* End PBXTargetDependency section */

/* Begin PBXVariantGroup section */
		E43AE87D1C3C31B2001600A1 /* Main.storyboard */ = {
			isa = PBXVariantGroup;
			children = (
				E43AE87E1C3C31B2001600A1 /* Base */,
			);
			name = Main.storyboard;
			sourceTree = "<group>";
		};
/* End PBXVariantGroup section */

/* Begin XCBuildConfiguration section */
		E43AE88E1C3C31B2001600A1 /* Debug */ = {
			isa = XCBuildConfiguration;
			buildSettings = {
				ALWAYS_SEARCH_USER_PATHS = NO;
				CLANG_CXX_LANGUAGE_STANDARD = "gnu++0x";
				CLANG_CXX_LIBRARY = "libc++";
				CLANG_ENABLE_MODULES = YES;
				CLANG_ENABLE_OBJC_ARC = YES;
				CLANG_WARN_BOOL_CONVERSION = YES;
				CLANG_WARN_CONSTANT_CONVERSION = YES;
				CLANG_WARN_DIRECT_OBJC_ISA_USAGE = YES_ERROR;
				CLANG_WARN_EMPTY_BODY = YES;
				CLANG_WARN_ENUM_CONVERSION = YES;
				CLANG_WARN_INT_CONVERSION = YES;
				CLANG_WARN_OBJC_ROOT_CLASS = YES_ERROR;
				CLANG_WARN_UNREACHABLE_CODE = YES;
				CLANG_WARN__DUPLICATE_METHOD_MATCH = YES;
				"CODE_SIGN_IDENTITY[sdk=iphoneos*]" = "iPhone Developer";
				COPY_PHASE_STRIP = NO;
				ENABLE_STRICT_OBJC_MSGSEND = YES;
				GCC_C_LANGUAGE_STANDARD = gnu99;
				GCC_DYNAMIC_NO_PIC = NO;
				GCC_OPTIMIZATION_LEVEL = 0;
				GCC_PREPROCESSOR_DEFINITIONS = (
					"DEBUG=1",
					"$(inherited)",
				);
				GCC_SYMBOLS_PRIVATE_EXTERN = NO;
				GCC_WARN_64_TO_32_BIT_CONVERSION = YES;
				GCC_WARN_ABOUT_RETURN_TYPE = YES_ERROR;
				GCC_WARN_UNDECLARED_SELECTOR = YES;
				GCC_WARN_UNINITIALIZED_AUTOS = YES_AGGRESSIVE;
				GCC_WARN_UNUSED_FUNCTION = YES;
				GCC_WARN_UNUSED_VARIABLE = YES;
				IPHONEOS_DEPLOYMENT_TARGET = 8.0;
				METAL_ENABLE_DEBUG_INFO = YES;
				ONLY_ACTIVE_ARCH = YES;
				SDKROOT = iphoneos;
			};
			name = Debug;
		};
		E43AE88F1C3C31B2001600A1 /* Release */ = {
			isa = XCBuildConfiguration;
			buildSettings = {
				ALWAYS_SEARCH_USER_PATHS = NO;
				CLANG_CXX_LANGUAGE_STANDARD = "gnu++0x";
				CLANG_CXX_LIBRARY = "libc++";
				CLANG_ENABLE_MODULES = YES;
				CLANG_ENABLE_OBJC_ARC = YES;
				CLANG_WARN_BOOL_CONVERSION = YES;
				CLANG_WARN_CONSTANT_CONVERSION = YES;
				CLANG_WARN_DIRECT_OBJC_ISA_USAGE = YES_ERROR;
				CLANG_WARN_EMPTY_BODY = YES;
				CLANG_WARN_ENUM_CONVERSION = YES;
				CLANG_WARN_INT_CONVERSION = YES;
				CLANG_WARN_OBJC_ROOT_CLASS = YES_ERROR;
				CLANG_WARN_UNREACHABLE_CODE = YES;
				CLANG_WARN__DUPLICATE_METHOD_MATCH = YES;
				"CODE_SIGN_IDENTITY[sdk=iphoneos*]" = "iPhone Developer";
				COPY_PHASE_STRIP = YES;
				ENABLE_NS_ASSERTIONS = NO;
				ENABLE_STRICT_OBJC_MSGSEND = YES;
				GCC_C_LANGUAGE_STANDARD = gnu99;
				GCC_WARN_64_TO_32_BIT_CONVERSION = YES;
				GCC_WARN_ABOUT_RETURN_TYPE = YES_ERROR;
				GCC_WARN_UNDECLARED_SELECTOR = YES;
				GCC_WARN_UNINITIALIZED_AUTOS = YES_AGGRESSIVE;
				GCC_WARN_UNUSED_FUNCTION = YES;
				GCC_WARN_UNUSED_VARIABLE = YES;
				IPHONEOS_DEPLOYMENT_TARGET = 8.0;
				METAL_ENABLE_DEBUG_INFO = NO;
				SDKROOT = iphoneos;
				VALIDATE_PRODUCT = YES;
			};
			name = Release;
		};
		E43AE8911C3C31B2001600A1 /* Debug */ = {
			isa = XCBuildConfiguration;
			buildSettings = {
				ASSETCATALOG_COMPILER_APPICON_NAME = AppIcon;
				ASSETCATALOG_COMPILER_LAUNCHIMAGE_NAME = LaunchImage;
				INFOPLIST_FILE = dd/Info.plist;
				LD_RUNPATH_SEARCH_PATHS = "$(inherited) @executable_path/Frameworks";
				PRODUCT_NAME = "$(TARGET_NAME)";
			};
			name = Debug;
		};
		E43AE8921C3C31B2001600A1 /* Release */ = {
			isa = XCBuildConfiguration;
			buildSettings = {
				ASSETCATALOG_COMPILER_APPICON_NAME = AppIcon;
				ASSETCATALOG_COMPILER_LAUNCHIMAGE_NAME = LaunchImage;
				INFOPLIST_FILE = dd/Info.plist;
				LD_RUNPATH_SEARCH_PATHS = "$(inherited) @executable_path/Frameworks";
				PRODUCT_NAME = "$(TARGET_NAME)";
			};
			name = Release;
		};
		E43AE8941C3C31B2001600A1 /* Debug */ = {
			isa = XCBuildConfiguration;
			buildSettings = {
				BUNDLE_LOADER = "$(BUILT_PRODUCTS_DIR)/dd.app/dd";
				FRAMEWORK_SEARCH_PATHS = (
					"$(SDKROOT)/Developer/Library/Frameworks",
					"$(inherited)",
				);
				GCC_PREPROCESSOR_DEFINITIONS = (
					"DEBUG=1",
					"$(inherited)",
				);
				INFOPLIST_FILE = ddTests/Info.plist;
				LD_RUNPATH_SEARCH_PATHS = "$(inherited) @executable_path/Frameworks @loader_path/Frameworks";
				METAL_ENABLE_DEBUG_INFO = YES;
				PRODUCT_NAME = "$(TARGET_NAME)";
				TEST_HOST = "$(BUNDLE_LOADER)";
			};
			name = Debug;
		};
		E43AE8951C3C31B2001600A1 /* Release */ = {
			isa = XCBuildConfiguration;
			buildSettings = {
				BUNDLE_LOADER = "$(BUILT_PRODUCTS_DIR)/dd.app/dd";
				FRAMEWORK_SEARCH_PATHS = (
					"$(SDKROOT)/Developer/Library/Frameworks",
					"$(inherited)",
				);
				INFOPLIST_FILE = ddTests/Info.plist;
				LD_RUNPATH_SEARCH_PATHS = "$(inherited) @executable_path/Frameworks @loader_path/Frameworks";
				METAL_ENABLE_DEBUG_INFO = NO;
				PRODUCT_NAME = "$(TARGET_NAME)";
				TEST_HOST = "$(BUNDLE_LOADER)";
			};
			name = Release;
		};
/* End XCBuildConfiguration section */

/* Begin XCConfigurationList section */
		E43AE86B1C3C31B2001600A1 /* Build configuration list for PBXProject "dd" */ = {
			isa = XCConfigurationList;
			buildConfigurations = (
				E43AE88E1C3C31B2001600A1 /* Debug */,
				E43AE88F1C3C31B2001600A1 /* Release */,
			);
			defaultConfigurationIsVisible = 0;
			defaultConfigurationName = Release;
		};
		E43AE8901C3C31B2001600A1 /* Build configuration list for PBXNativeTarget "dd" */ = {
			isa = XCConfigurationList;
			buildConfigurations = (
				E43AE8911C3C31B2001600A1 /* Debug */,
				E43AE8921C3C31B2001600A1 /* Release */,
			);
			defaultConfigurationIsVisible = 0;
		};
		E43AE8931C3C31B2001600A1 /* Build configuration list for PBXNativeTarget "ddTests" */ = {
			isa = XCConfigurationList;
			buildConfigurations = (
				E43AE8941C3C31B2001600A1 /* Debug */,
				E43AE8951C3C31B2001600A1 /* Release */,
			);
			defaultConfigurationIsVisible = 0;
		};
/* End XCConfigurationList section */
	};
	rootObject = E43AE8681C3C31B2001600A1 /* Project object */;
}
